
Microsoft Visual Studio Solution File, Format Version 12.00
# Visual Studio 15
VisualStudioVersion = 15.0.28307.271
MinimumVisualStudioVersion = 10.0.40219.1
Project("{FAE04EC0-301F-11D3-BF4B-00C04F79EFBC}") = "Triangles", "Triangles\Triangles.csproj", "{72132AB0-A439-4EE4-8A22-E7739F5BF00E}"
EndProject
Global
	GlobalSection(SolutionConfigurationPlatforms) = preSolution
		Debug|ARM = Debug|ARM
		Debug|ARM64 = Debug|ARM64
		Debug|x64 = Debug|x64
		Debug|x86 = Debug|x86
		Release|ARM = Release|ARM
		Release|ARM64 = Release|ARM64
		Release|x64 = Release|x64
		Release|x86 = Release|x86
	EndGlobalSection
	GlobalSection(ProjectConfigurationPlatforms) = postSolution
		{72132AB0-A439-4EE4-8A22-E7739F5BF00E}.Debug|ARM.ActiveCfg = Debug|ARM
		{72132AB0-A439-4EE4-8A22-E7739F5BF00E}.Debug|ARM.Build.0 = Debug|ARM
		{72132AB0-A439-4EE4-8A22-E7739F5BF00E}.Debug|ARM.Deploy.0 = Debug|ARM
		{72132AB0-A439-4EE4-8A22-E7739F5BF00E}.Debug|ARM64.ActiveCfg = Debug|ARM64
		{72132AB0-A439-4EE4-8A22-E7739F5BF00E}.Debug|ARM64.Build.0 = Debug|ARM64
		{72132AB0-A439-4EE4-8A22-E7739F5BF00E}.Debug|ARM64.Deploy.0 = Debug|ARM64
		{72132AB0-A439-4EE4-8A22-E7739F5BF00E}.Debug|x64.ActiveCfg = Debug|x64
		{72132AB0-A439-4EE4-8A22-E7739F5BF00E}.Debug|x64.Build.0 = Debug|x64
		{72132AB0-A439-4EE4-8A22-E7739F5BF00E}.Debug|x64.Deploy.0 = Debug|x64
		{72132AB0-A439-4EE4-8A22-E7739F5BF00E}.Debug|x86.ActiveCfg = Debug|x86
		{72132AB0-A439-4EE4-8A22-E7739F5BF00E}.Debug|x86.Build.0 = Debug|x86
		{72132AB0-A439-4EE4-8A22-E7739F5BF00E}.Debug|x86.Deploy.0 = Debug|x86
		{72132AB0-A439-4EE4-8A22-E7739F5BF00E}.Release|ARM.ActiveCfg = Release|ARM
		{72132AB0-A439-4EE4-8A22-E7739F5BF00E}.Release|ARM.Build.0 = Release|ARM
		{72132AB0-A439-4EE4-8A22-E7739F5BF00E}.Release|ARM.Deploy.0 = Release|ARM
		{72132AB0-A439-4EE4-8A22-E7739F5BF00E}.Release|ARM64.ActiveCfg = Release|ARM64
		{72132AB0-A439-4EE4-8A22-E7739F5BF00E}.Release|ARM64.Build.0 = Release|ARM64
		{72132AB0-A439-4EE4-8A22-E7739F5BF00E}.Release|ARM64.Deploy.0 = Release|ARM64
		{72132AB0-A439-4EE4-8A22-E7739F5BF00E}.Release|x64.ActiveCfg = Release|x64
		{72132AB0-A439-4EE4-8A22-E7739F5BF00E}.Release|x64.Build.0 = Release|x64
		{72132AB0-A439-4EE4-8A22-E7739F5BF00E}.Release|x64.Deploy.0 = Release|x64
		{72132AB0-A439-4EE4-8A22-E7739F5BF00E}.Release|x86.ActiveCfg = Release|x86
		{72132AB0-A439-4EE4-8A22-E7739F5BF00E}.Release|x86.Build.0 = Release|x86
		{72132AB0-A439-4EE4-8A22-E7739F5BF00E}.Release|x86.Deploy.0 = Release|x86
	EndGlobalSection
	GlobalSection(SolutionProperties) = preSolution
		HideSolutionNode = FALSE
	EndGlobalSection
	GlobalSection(ExtensibilityGlobals) = postSolution
		SolutionGuid = {17A80409-37B5-42A9-A3D9-213B292DDF04}
	EndGlobalSection
EndGlobal
